# THIS IS AN AUTOGENERATED FILE. DO NOT EDIT THIS FILE DIRECTLY.
# yarn lockfile v1


"@nestjs/mapped-types@1.2.2":
  version "1.2.2"
  resolved "https://registry.yarnpkg.com/@nestjs/mapped-types/-/mapped-types-1.2.2.tgz#d9ddb143776e309dbc1a518ac1607fddac1e140e"
  integrity sha512-3dHxLXs3M0GPiriAcCFFJQHoDFUuzTD5w6JDhE7TyfT89YKpe6tcCCIqOZWdXmt9AZjjK30RkHRSFF+QEnWFQg==

"@nestjs/swagger@^6.2.1":
  version "6.2.1"
  resolved "https://registry.yarnpkg.com/@nestjs/swagger/-/swagger-6.2.1.tgz#38caa76ac00993ddc11a79dd24ab9f4392d2791d"
  integrity sha512-9M2vkfJHIzLqDZwvM5TEZO0MxRCvIb0xVy0LsmWwxH1lrb0z/4MhU+r2CWDhBtTccVJrKxVPiU2s3T3b9uUJbg==
  dependencies:
    "@nestjs/mapped-types" "1.2.2"
    js-yaml "4.1.0"
    lodash "4.17.21"
    path-to-regexp "3.2.0"
    swagger-ui-dist "4.15.5"

argparse@^2.0.1:
  version "2.0.1"
  resolved "https://registry.yarnpkg.com/argparse/-/argparse-2.0.1.tgz#246f50f3ca78a3240f6c997e8a9bd1eac49e4b38"
  integrity sha512-8+9WqebbFzpX9OR+Wa6O29asIogeRMzcGtAINdpMHHyAg10f05aSFVBbcEqGf/PXw1EjAZ+q2/bEBg3DvurK3Q==

js-yaml@4.1.0:
  version "4.1.0"
  resolved "https://registry.yarnpkg.com/js-yaml/-/js-yaml-4.1.0.tgz#c1fb65f8f5017901cdd2c951864ba18458a10602"
  integrity sha512-wpxZs9NoxZaJESJGIZTyDEaYpl0FKSA+FB9aJiyemKhMwkxQg63h4T1KJgUGHpTqPDNRcmmYLugrRjJlBtWvRA==
  dependencies:
    argparse "^2.0.1"

lodash@4.17.21:
  version "4.17.21"
  resolved "https://registry.yarnpkg.com/lodash/-/lodash-4.17.21.tgz#679591c564c3bffaae8454cf0b3df370c3d6911c"
  integrity sha512-v2kDEe57lecTulaDIuNTPy3Ry4gLGJ6Z1O3vE1krgXZNrsQ+LFTGHVxVjcXPs17LhbZVGedAJv8XZ1tvj5FvSg==

path-to-regexp@3.2.0:
  version "3.2.0"
  resolved "https://registry.yarnpkg.com/path-to-regexp/-/path-to-regexp-3.2.0.tgz#fa7877ecbc495c601907562222453c43cc204a5f"
  integrity sha512-jczvQbCUS7XmS7o+y1aEO9OBVFeZBQ1MDSEqmO7xSoPgOPoowY/SxLpZ6Vh97/8qHZOteiCKb7gkG9gA2ZUxJA==

swagger-ui-dist@4.15.5:
  version "4.15.5"
  resolved "https://registry.yarnpkg.com/swagger-ui-dist/-/swagger-ui-dist-4.15.5.tgz#cda226a79db2a9192579cc1f37ec839398a62638"
  integrity sha512-V3eIa28lwB6gg7/wfNvAbjwJYmDXy1Jo1POjyTzlB6wPcHiGlRxq39TSjYGVjQrUSAzpv+a7nzp7mDxgNy57xA==

swagger-ui-dist@>=4.11.0:
  version "4.18.1"
  resolved "https://registry.yarnpkg.com/swagger-ui-dist/-/swagger-ui-dist-4.18.1.tgz#da77cee1531af3f989b3da9dd8cddc5b9fa5715d"
  integrity sha512-n7AT4wzKIPpHy/BGflJOepGMrbY/7Cd5yVd9ptVczaJGAKScbVJrZxFbAE2ZSZa8KmqdQ0+pOs3/5mWY5tSMZQ==

swagger-ui-express@^4.6.2:
  version "4.6.2"
  resolved "https://registry.yarnpkg.com/swagger-ui-express/-/swagger-ui-express-4.6.2.tgz#61b2cb9fd7932cdccff99e0efdf700a5459e493c"
  integrity sha512-MHIOaq9JrTTB3ygUJD+08PbjM5Tt/q7x80yz9VTFIatw8j5uIWKcr90S0h5NLMzFEDC6+eVprtoeA5MDZXCUKQ==
  dependencies:
    swagger-ui-dist ">=4.11.0"
